
Microsoft Visual Studio Solution File, Format Version 12.00
# Visual Studio Version 17
VisualStudioVersion = 17.0.32112.339
MinimumVisualStudioVersion = 10.0.40219.1
Project("{FAE04EC0-301F-11D3-BF4B-00C04F79EFBC}") = "ConversionCalc", "ConversionCalc.csproj", "{3A895BE5-546C-4190-9727-21863B00C255}"
EndProject
Global
	GlobalSection(SolutionConfigurationPlatforms) = preSolution
		Debug|Any CPU = Debug|Any CPU
		Release|Any CPU = Release|Any CPU
	EndGlobalSection
	GlobalSection(ProjectConfigurationPlatforms) = postSolution
		{3A895BE5-546C-4190-9727-21863B00C255}.Debug|Any CPU.ActiveCfg = Debug|Any CPU
		{3A895BE5-546C-4190-9727-21863B00C255}.Debug|Any CPU.Build.0 = Debug|Any CPU
		{3A895BE5-546C-4190-9727-21863B00C255}.Release|Any CPU.ActiveCfg = Release|Any CPU
		{3A895BE5-546C-4190-9727-21863B00C255}.Release|Any CPU.Build.0 = Release|Any CPU
	EndGlobalSection
	GlobalSection(SolutionProperties) = preSolution
		HideSolutionNode = FALSE
	EndGlobalSection
	GlobalSection(ExtensibilityGlobals) = postSolution
		SolutionGuid = {4565D8B6-5E4E-4DC8-97CF-FC52D916B5C4}
	EndGlobalSection
EndGlobal
